// !$*UTF8*$!
{
	archiveVersion = 1;
	classes = {
	};
	objectVersion = 46;
	objects = {

/* Begin PBXBuildFile section */
		16BA71E11C2FDFC50084DE47 /* AppDelegate.swift in Sources */ = {isa = PBXBuildFile; fileRef = 16BA71E01C2FDFC50084DE47 /* AppDelegate.swift */; };
		16BA71E31C2FDFC50084DE47 /* ViewController.swift in Sources */ = {isa = PBXBuildFile; fileRef = 16BA71E21C2FDFC50084DE47 /* ViewController.swift */; };
		16BA71E61C2FDFC50084DE47 /* Main.storyboard in Resources */ = {isa = PBXBuildFile; fileRef = 16BA71E41C2FDFC50084DE47 /* Main.storyboard */; };
		16BA71E81C2FDFC50084DE47 /* Assets.xcassets in Resources */ = {isa = PBXBuildFile; fileRef = 16BA71E71C2FDFC50084DE47 /* Assets.xcassets */; };
		16BA71EB1C2FDFC50084DE47 /* LaunchScreen.storyboard in Resources */ = {isa = PBXBuildFile; fileRef = 16BA71E91C2FDFC50084DE47 /* LaunchScreen.storyboard */; };
/* End PBXBuildFile section */

/* Begin PBXFileReference section */
		16BA71DD1C2FDFC50084DE47 /* post-app.app */ = {isa = PBXFileReference; explicitFileType = wrapper.application; includeInIndex = 0; path = "post-app.app"; sourceTree = BUILT_PRODUCTS_DIR; };
		16BA71E01C2FDFC50084DE47 /* AppDelegate.swift */ = {isa = PBXFileReference; lastKnownFileType = sourcecode.swift; path = AppDelegate.swift; sourceTree = "<group>"; };
		16BA71E21C2FDFC50084DE47 /* ViewController.swift */ = {isa = PBXFileReference; lastKnownFileType = sourcecode.swift; path = ViewController.swift; sourceTree = "<group>"; };
		16BA71E51C2FDFC50084DE47 /* Base */ = {isa = PBXFileReference; lastKnownFileType = file.storyboard; name = Base; path = Base.lproj/Main.storyboard; sourceTree = "<group>"; };
		16BA71E71C2FDFC50084DE47 /* Assets.xcassets */ = {isa = PBXFileReference; lastKnownFileType = folder.assetcatalog; path = Assets.xcassets; sourceTree = "<group>"; };
		16BA71EA1C2FDFC50084DE47 /* Base */ = {isa = PBXFileReference; lastKnownFileType = file.storyboard; name = Base; path = Base.lproj/LaunchScreen.storyboard; sourceTree = "<group>"; };
		16BA71EC1C2FDFC50084DE47 /* Info.plist */ = {isa = PBXFileReference; lastKnownFileType = text.plist.xml; path = Info.plist; sourceTree = "<group>"; };
/* End PBXFileReference section */

/* Begin PBXFrameworksBuildPhase section */
		16BA71DA1C2FDFC50084DE47 /* Frameworks */ = {
			isa = PBXFrameworksBuildPhase;
			buildActionMask = 2147483647;
			files = (
			);
			runOnlyForDeploymentPostprocessing = 0;
		};
/* End PBXFrameworksBuildPhase section */

/* Begin PBXGroup section */
		16BA71D41C2FDFC50084DE47 = {
			isa = PBXGroup;
			children = (
				16BA71DF1C2FDFC50084DE47 /* post-app */,
				16BA71DE1C2FDFC50084DE47 /* Products */,
			);
			sourceTree = "<group>";
		};
		16BA71DE1C2FDFC50084DE47 /* Products */ = {
			isa = PBXGroup;
			children = (
				16BA71DD1C2FDFC50084DE47 /* post-app.app */,
			);
			name = Products;
			sourceTree = "<group>";
		};
		16BA71DF1C2FDFC50084DE47 /* post-app */ = {
			isa = PBXGroup;
			children = (
				16BA71E01C2FDFC50084DE47 /* AppDelegate.swift */,
				16BA71E21C2FDFC50084DE47 /* ViewController.swift */,
				16BA71E41C2FDFC50084DE47 /* Main.storyboard */,
				16BA71E71C2FDFC50084DE47 /* Assets.xcassets */,
				16BA71E91C2FDFC50084DE47 /* LaunchScreen.storyboard */,
				16BA71EC1C2FDFC50084DE47 /* Info.plist */,
			);
			path = "post-app";
			sourceTree = "<group>";
		};
/* End PBXGroup section */

/* Begin PBXNativeTarget section */
		16BA71DC1C2FDFC50084DE47 /* post-app */ = {
			isa = PBXNativeTarget;
			buildConfigurationList = 16BA71EF1C2FDFC50084DE47 /* Build configuration list for PBXNativeTarget "post-app" */;
			buildPhases = (
				16BA71D91C2FDFC50084DE47 /* Sources */,
				16BA71DA1C2FDFC50084DE47 /* Frameworks */,
				16BA71DB1C2FDFC50084DE47 /* Resources */,
			);
			buildRules = (
			);
			dependencies = (
			);
			name = "post-app";
			productName = "post-app";
			productReference = 16BA71DD1C2FDFC50084DE47 /* post-app.app */;
			productType = "com.apple.product-type.application";
		};
/* End PBXNativeTarget section */

/* Begin PBXProject section */
		16BA71D51C2FDFC50084DE47 /* Project object */ = {
			isa = PBXProject;
			attributes = {
				LastSwiftUpdateCheck = 0720;
				LastUpgradeCheck = 0720;
				ORGANIZATIONNAME = "Desmond Dai";
				TargetAttributes = {
					16BA71DC1C2FDFC50084DE47 = {
						CreatedOnToolsVersion = 7.2;
					};
				};
			};
			buildConfigurationList = 16BA71D81C2FDFC50084DE47 /* Build configuration list for PBXProject "post-app" */;
			compatibilityVersion = "Xcode 3.2";
			developmentRegion = English;
			hasScannedForEncodings = 0;
			knownRegions = (
				en,
				Base,
			);
			mainGroup = 16BA71D41C2FDFC50084DE47;
			productRefGroup = 16BA71DE1C2FDFC50084DE47 /* Products */;
			projectDirPath = "";
			projectRoot = "";
			targets = (
				16BA71DC1C2FDFC50084DE47 /* post-app */,
			);
		};
/* End PBXProject section */

/* Begin PBXResourcesBuildPhase section */
		16BA71DB1C2FDFC50084DE47 /* Resources */ = {
			isa = PBXResourcesBuildPhase;
			buildActionMask = 2147483647;
			files = (
				16BA71EB1C2FDFC50084DE47 /* LaunchScreen.storyboard in Resources */,
				16BA71E81C2FDFC50084DE47 /* Assets.xcassets in Resources */,
				16BA71E61C2FDFC50084DE47 /* Main.storyboard in Resources */,
			);
			runOnlyForDeploymentPostprocessing = 0;
		};
/* End PBXResourcesBuildPhase section */

/* Begin PBXSourcesBuildPhase section */
		16BA71D91C2FDFC50084DE47 /* Sources */ = {
			isa = PBXSourcesBuildPhase;
			buildActionMask = 2147483647;
			files = (
				16BA71E31C2FDFC50084DE47 /* ViewController.swift in Sources */,
				16BA71E11C2FDFC50084DE47 /* AppDelegate.swift in Sources */,
			);
			runOnlyForDeploymentPostprocessing = 0;
		};
/* End PBXSourcesBuildPhase section */

/* Begin PBXVariantGroup section */
		16BA71E41C2FDFC50084DE47 /* Main.storyboard */ = {
			isa = PBXVariantGroup;
			children = (
				16BA71E51C2FDFC50084DE47 /* Base */,
			);
			name = Main.storyboard;
			sourceTree = "<group>";
		};
		16BA71E91C2FDFC50084DE47 /* LaunchScreen.storyboard */ = {
			isa = PBXVariantGroup;
			children = (
				16BA71EA1C2FDFC50084DE47 /* Base */,
			);
			name = LaunchScreen.storyboard;
			sourceTree = "<group>";
		};
/* End PBXVariantGroup section */

/* Begin XCBuildConfiguration section */
		16BA71ED1C2FDFC50084DE47 /* Debug */ = {
			isa = XCBuildConfiguration;
			buildSettings = {
				ALWAYS_SEARCH_USER_PATHS = NO;
				CLANG_CXX_LANGUAGE_STANDARD = "gnu++0x";
				CLANG_CXX_LIBRARY = "libc++";
				CLANG_ENABLE_MODULES = YES;
				CLANG_ENABLE_OBJC_ARC = YES;
				CLANG_WARN_BOOL_CONVERSION = YES;
				CLANG_WARN_CONSTANT_CONVERSION = YES;
				CLANG_WARN_DIRECT_OBJC_ISA_USAGE = YES_ERROR;
				CLANG_WARN_EMPTY_BODY = YES;
				CLANG_WARN_ENUM_CONVERSION = YES;
				CLANG_WARN_INT_CONVERSION = YES;
				CLANG_WARN_OBJC_ROOT_CLASS = YES_ERROR;
				CLANG_WARN_UNREACHABLE_CODE = YES;
				CLANG_WARN__DUPLICATE_METHOD_MATCH = YES;
				"CODE_SIGN_IDENTITY[sdk=iphoneos*]" = "iPhone Developer";
				COPY_PHASE_STRIP = NO;
				DEBUG_INFORMATION_FORMAT = dwarf;
				ENABLE_STRICT_OBJC_MSGSEND = YES;
				ENABLE_TESTABILITY = YES;
				GCC_C_LANGUAGE_STANDARD = gnu99;
				GCC_DYNAMIC_NO_PIC = NO;
				GCC_NO_COMMON_BLOCKS = YES;
				GCC_OPTIMIZATION_LEVEL = 0;
				GCC_PREPROCESSOR_DEFINITIONS = (
					"DEBUG=1",
					"$(inherited)",
				);
				GCC_WARN_64_TO_32_BIT_CONVERSION = YES;
				GCC_WARN_ABOUT_RETURN_TYPE = YES_ERROR;
				GCC_WARN_UNDECLARED_SELECTOR = YES;
				GCC_WARN_UNINITIALIZED_AUTOS = YES_AGGRESSIVE;
				GCC_WARN_UNUSED_FUNCTION = YES;
				GCC_WARN_UNUSED_VARIABLE = YES;
				IPHONEOS_DEPLOYMENT_TARGET = 9.2;
				MTL_ENABLE_DEBUG_INFO = YES;
				ONLY_ACTIVE_ARCH = YES;
				SDKROOT = iphoneos;
				SWIFT_OPTIMIZATION_LEVEL = "-Onone";
				TARGETED_DEVICE_FAMILY = "1,2";
			};
			name = Debug;
		};
		16BA71EE1C2FDFC50084DE47 /* Release */ = {
			isa = XCBuildConfiguration;
			buildSettings = {
				ALWAYS_SEARCH_USER_PATHS = NO;
				CLANG_CXX_LANGUAGE_STANDARD = "gnu++0x";
				CLANG_CXX_LIBRARY = "libc++";
				CLANG_ENABLE_MODULES = YES;
				CLANG_ENABLE_OBJC_ARC = YES;
				CLANG_WARN_BOOL_CONVERSION = YES;
				CLANG_WARN_CONSTANT_CONVERSION = YES;
				CLANG_WARN_DIRECT_OBJC_ISA_USAGE = YES_ERROR;
				CLANG_WARN_EMPTY_BODY = YES;
				CLANG_WARN_ENUM_CONVERSION = YES;
				CLANG_WARN_INT_CONVERSION = YES;
				CLANG_WARN_OBJC_ROOT_CLASS = YES_ERROR;
				CLANG_WARN_UNREACHABLE_CODE = YES;
				CLANG_WARN__DUPLICATE_METHOD_MATCH = YES;
				"CODE_SIGN_IDENTITY[sdk=iphoneos*]" = "iPhone Developer";
				COPY_PHASE_STRIP = NO;
				DEBUG_INFORMATION_FORMAT = "dwarf-with-dsym";
				ENABLE_NS_ASSERTIONS = NO;
				ENABLE_STRICT_OBJC_MSGSEND = YES;
				GCC_C_LANGUAGE_STANDARD = gnu99;
				GCC_NO_COMMON_BLOCKS = YES;
				GCC_WARN_64_TO_32_BIT_CONVERSION = YES;
				GCC_WARN_ABOUT_RETURN_TYPE = YES_ERROR;
				GCC_WARN_UNDECLARED_SELECTOR = YES;
				GCC_WARN_UNINITIALIZED_AUTOS = YES_AGGRESSIVE;
				GCC_WARN_UNUSED_FUNCTION = YES;
				GCC_WARN_UNUSED_VARIABLE = YES;
				IPHONEOS_DEPLOYMENT_TARGET = 9.2;
				MTL_ENABLE_DEBUG_INFO = NO;
				SDKROOT = iphoneos;
				TARGETED_DEVICE_FAMILY = "1,2";
				VALIDATE_PRODUCT = YES;
			};
			name = Release;
		};
		16BA71F01C2FDFC50084DE47 /* Debug */ = {
			isa = XCBuildConfiguration;
			buildSettings = {
				ASSETCATALOG_COMPILER_APPICON_NAME = AppIcon;
				INFOPLIST_FILE = "post-app/Info.plist";
				LD_RUNPATH_SEARCH_PATHS = "$(inherited) @executable_path/Frameworks";
				PRODUCT_BUNDLE_IDENTIFIER = "com.desmonddai.post-app";
				PRODUCT_NAME = "$(TARGET_NAME)";
			};
			name = Debug;
		};
		16BA71F11C2FDFC50084DE47 /* Release */ = {
			isa = XCBuildConfiguration;
			buildSettings = {
				ASSETCATALOG_COMPILER_APPICON_NAME = AppIcon;
				INFOPLIST_FILE = "post-app/Info.plist";
				LD_RUNPATH_SEARCH_PATHS = "$(inherited) @executable_path/Frameworks";
				PRODUCT_BUNDLE_IDENTIFIER = "com.desmonddai.post-app";
				PRODUCT_NAME = "$(TARGET_NAME)";
			};
			name = Release;
		};
/* End XCBuildConfiguration section */

/* Begin XCConfigurationList section */
		16BA71D81C2FDFC50084DE47 /* Build configuration list for PBXProject "post-app" */ = {
			isa = XCConfigurationList;
			buildConfigurations = (
				16BA71ED1C2FDFC50084DE47 /* Debug */,
				16BA71EE1C2FDFC50084DE47 /* Release */,
			);
			defaultConfigurationIsVisible = 0;
			defaultConfigurationName = Release;
		};
		16BA71EF1C2FDFC50084DE47 /* Build configuration list for PBXNativeTarget "post-app" */ = {
			isa = XCConfigurationList;
			buildConfigurations = (
				16BA71F01C2FDFC50084DE47 /* Debug */,
				16BA71F11C2FDFC50084DE47 /* Release */,
			);
			defaultConfigurationIsVisible = 0;
		};
/* End XCConfigurationList section */
	};
	rootObject = 16BA71D51C2FDFC50084DE47 /* Project object */;
}
